
Microsoft Visual Studio Solution File, Format Version 12.00
# Visual Studio 15
VisualStudioVersion = 15.0.27703.2035
MinimumVisualStudioVersion = 10.0.40219.1
Project("{FAE04EC0-301F-11D3-BF4B-00C04F79EFBC}") = "ShoppingCenterConsoleApp", "ShoppingCenterConsoleApp\ShoppingCenterConsoleApp.csproj", "{10E5F3A8-69FA-4411-847F-8CA0F567ADB1}"
EndProject
Global
	GlobalSection(SolutionConfigurationPlatforms) = preSolution
		Debug|Any CPU = Debug|Any CPU
		Release|Any CPU = Release|Any CPU
	EndGlobalSection
	GlobalSection(ProjectConfigurationPlatforms) = postSolution
		{10E5F3A8-69FA-4411-847F-8CA0F567ADB1}.Debug|Any CPU.ActiveCfg = Debug|Any CPU
		{10E5F3A8-69FA-4411-847F-8CA0F567ADB1}.Debug|Any CPU.Build.0 = Debug|Any CPU
		{10E5F3A8-69FA-4411-847F-8CA0F567ADB1}.Release|Any CPU.ActiveCfg = Release|Any CPU
		{10E5F3A8-69FA-4411-847F-8CA0F567ADB1}.Release|Any CPU.Build.0 = Release|Any CPU
	EndGlobalSection
	GlobalSection(SolutionProperties) = preSolution
		HideSolutionNode = FALSE
	EndGlobalSection
	GlobalSection(ExtensibilityGlobals) = postSolution
		SolutionGuid = {5A138CBE-CFA9-45CA-A8F4-FD07512CBCE8}
	EndGlobalSection
EndGlobal
