
Microsoft Visual Studio Solution File, Format Version 12.00
# Visual Studio 14
VisualStudioVersion = 14.0.25420.1
MinimumVisualStudioVersion = 10.0.40219.1
Project("{FAE04EC0-301F-11D3-BF4B-00C04F79EFBC}") = "Sum and Average", "Sum and Average\Sum and Average.csproj", "{D9F6FA5B-03C6-4D62-A94F-A9F556E52BCB}"
EndProject
Project("{FAE04EC0-301F-11D3-BF4B-00C04F79EFBC}") = "Sort Words", "Sort Words\Sort Words.csproj", "{EE82DD97-6D02-464C-988E-DC3D26563DBC}"
EndProject
Project("{FAE04EC0-301F-11D3-BF4B-00C04F79EFBC}") = "Longest Subsequence", "Longest Subsequence\Longest Subsequence.csproj", "{354CB913-30B8-4149-B6C9-A3CA1FD2FC4E}"
EndProject
Project("{FAE04EC0-301F-11D3-BF4B-00C04F79EFBC}") = "RemoveOddOccurrences", "RemoveOddOccurrences\RemoveOddOccurrences.csproj", "{FD819B71-56FF-4140-8AC8-0647A0747DEF}"
EndProject
Project("{FAE04EC0-301F-11D3-BF4B-00C04F79EFBC}") = "DistanceInLabyrinth", "DistanceInLabyrinth\DistanceInLabyrinth.csproj", "{B719AE7F-750E-4673-9AEC-26BFF9CC6F6B}"
EndProject
Project("{FAE04EC0-301F-11D3-BF4B-00C04F79EFBC}") = "DoublyLinkedList", "DoublyLinkedList\DoublyLinkedList.csproj", "{2CB50F92-35AF-47E5-BA6F-02446AACD536}"
EndProject
Project("{FAE04EC0-301F-11D3-BF4B-00C04F79EFBC}") = "DoublyLinkedList.Tests", "DoublyLinkedList.Tests\DoublyLinkedList.Tests.csproj", "{D852AD35-E7FC-499B-A913-11479BB76674}"
EndProject
Global
	GlobalSection(SolutionConfigurationPlatforms) = preSolution
		Debug|Any CPU = Debug|Any CPU
		Release|Any CPU = Release|Any CPU
	EndGlobalSection
	GlobalSection(ProjectConfigurationPlatforms) = postSolution
		{D9F6FA5B-03C6-4D62-A94F-A9F556E52BCB}.Debug|Any CPU.ActiveCfg = Debug|Any CPU
		{D9F6FA5B-03C6-4D62-A94F-A9F556E52BCB}.Debug|Any CPU.Build.0 = Debug|Any CPU
		{D9F6FA5B-03C6-4D62-A94F-A9F556E52BCB}.Release|Any CPU.ActiveCfg = Release|Any CPU
		{D9F6FA5B-03C6-4D62-A94F-A9F556E52BCB}.Release|Any CPU.Build.0 = Release|Any CPU
		{EE82DD97-6D02-464C-988E-DC3D26563DBC}.Debug|Any CPU.ActiveCfg = Debug|Any CPU
		{EE82DD97-6D02-464C-988E-DC3D26563DBC}.Debug|Any CPU.Build.0 = Debug|Any CPU
		{EE82DD97-6D02-464C-988E-DC3D26563DBC}.Release|Any CPU.ActiveCfg = Release|Any CPU
		{EE82DD97-6D02-464C-988E-DC3D26563DBC}.Release|Any CPU.Build.0 = Release|Any CPU
		{354CB913-30B8-4149-B6C9-A3CA1FD2FC4E}.Debug|Any CPU.ActiveCfg = Debug|Any CPU
		{354CB913-30B8-4149-B6C9-A3CA1FD2FC4E}.Debug|Any CPU.Build.0 = Debug|Any CPU
		{354CB913-30B8-4149-B6C9-A3CA1FD2FC4E}.Release|Any CPU.ActiveCfg = Release|Any CPU
		{354CB913-30B8-4149-B6C9-A3CA1FD2FC4E}.Release|Any CPU.Build.0 = Release|Any CPU
		{FD819B71-56FF-4140-8AC8-0647A0747DEF}.Debug|Any CPU.ActiveCfg = Debug|Any CPU
		{FD819B71-56FF-4140-8AC8-0647A0747DEF}.Debug|Any CPU.Build.0 = Debug|Any CPU
		{FD819B71-56FF-4140-8AC8-0647A0747DEF}.Release|Any CPU.ActiveCfg = Release|Any CPU
		{FD819B71-56FF-4140-8AC8-0647A0747DEF}.Release|Any CPU.Build.0 = Release|Any CPU
		{B719AE7F-750E-4673-9AEC-26BFF9CC6F6B}.Debug|Any CPU.ActiveCfg = Debug|Any CPU
		{B719AE7F-750E-4673-9AEC-26BFF9CC6F6B}.Debug|Any CPU.Build.0 = Debug|Any CPU
		{B719AE7F-750E-4673-9AEC-26BFF9CC6F6B}.Release|Any CPU.ActiveCfg = Release|Any CPU
		{B719AE7F-750E-4673-9AEC-26BFF9CC6F6B}.Release|Any CPU.Build.0 = Release|Any CPU
		{2CB50F92-35AF-47E5-BA6F-02446AACD536}.Debug|Any CPU.ActiveCfg = Debug|Any CPU
		{2CB50F92-35AF-47E5-BA6F-02446AACD536}.Debug|Any CPU.Build.0 = Debug|Any CPU
		{2CB50F92-35AF-47E5-BA6F-02446AACD536}.Release|Any CPU.ActiveCfg = Release|Any CPU
		{2CB50F92-35AF-47E5-BA6F-02446AACD536}.Release|Any CPU.Build.0 = Release|Any CPU
		{D852AD35-E7FC-499B-A913-11479BB76674}.Debug|Any CPU.ActiveCfg = Debug|Any CPU
		{D852AD35-E7FC-499B-A913-11479BB76674}.Debug|Any CPU.Build.0 = Debug|Any CPU
		{D852AD35-E7FC-499B-A913-11479BB76674}.Release|Any CPU.ActiveCfg = Release|Any CPU
		{D852AD35-E7FC-499B-A913-11479BB76674}.Release|Any CPU.Build.0 = Release|Any CPU
	EndGlobalSection
	GlobalSection(SolutionProperties) = preSolution
		HideSolutionNode = FALSE
	EndGlobalSection
EndGlobal
