
Microsoft Visual Studio Solution File, Format Version 12.00
# Visual Studio 14
VisualStudioVersion = 14.0.25420.1
MinimumVisualStudioVersion = 10.0.40219.1
Project("{FAE04EC0-301F-11D3-BF4B-00C04F79EFBC}") = "ArrayStack", "ArrayStack\ArrayStack.csproj", "{B365FBAA-6AE4-4D51-81BA-627B06D597D3}"
EndProject
Project("{FAE04EC0-301F-11D3-BF4B-00C04F79EFBC}") = "LinkedStack", "LinkedStack\LinkedStack.csproj", "{42910D2F-7AF5-4293-9DFC-34AB8BCC7E62}"
EndProject
Project("{FAE04EC0-301F-11D3-BF4B-00C04F79EFBC}") = "LinkedQueue", "LinkedQueue\LinkedQueue.csproj", "{024CC2C2-2691-4893-97EA-B860353C23C5}"
EndProject
Global
	GlobalSection(SolutionConfigurationPlatforms) = preSolution
		Debug|Any CPU = Debug|Any CPU
		Release|Any CPU = Release|Any CPU
	EndGlobalSection
	GlobalSection(ProjectConfigurationPlatforms) = postSolution
		{B365FBAA-6AE4-4D51-81BA-627B06D597D3}.Debug|Any CPU.ActiveCfg = Debug|Any CPU
		{B365FBAA-6AE4-4D51-81BA-627B06D597D3}.Debug|Any CPU.Build.0 = Debug|Any CPU
		{B365FBAA-6AE4-4D51-81BA-627B06D597D3}.Release|Any CPU.ActiveCfg = Release|Any CPU
		{B365FBAA-6AE4-4D51-81BA-627B06D597D3}.Release|Any CPU.Build.0 = Release|Any CPU
		{42910D2F-7AF5-4293-9DFC-34AB8BCC7E62}.Debug|Any CPU.ActiveCfg = Debug|Any CPU
		{42910D2F-7AF5-4293-9DFC-34AB8BCC7E62}.Debug|Any CPU.Build.0 = Debug|Any CPU
		{42910D2F-7AF5-4293-9DFC-34AB8BCC7E62}.Release|Any CPU.ActiveCfg = Release|Any CPU
		{42910D2F-7AF5-4293-9DFC-34AB8BCC7E62}.Release|Any CPU.Build.0 = Release|Any CPU
		{024CC2C2-2691-4893-97EA-B860353C23C5}.Debug|Any CPU.ActiveCfg = Debug|Any CPU
		{024CC2C2-2691-4893-97EA-B860353C23C5}.Debug|Any CPU.Build.0 = Debug|Any CPU
		{024CC2C2-2691-4893-97EA-B860353C23C5}.Release|Any CPU.ActiveCfg = Release|Any CPU
		{024CC2C2-2691-4893-97EA-B860353C23C5}.Release|Any CPU.Build.0 = Release|Any CPU
	EndGlobalSection
	GlobalSection(SolutionProperties) = preSolution
		HideSolutionNode = FALSE
	EndGlobalSection
EndGlobal
